# This file was autogenerated by Stack.
# You should not edit this file by hand.
# For more information, please see the documentation at:
#   https://docs.haskellstack.org/en/stable/lock_files

packages:
- completed:
    hackage: freer-indexed-0.1.0.0@sha256:b247be91b8ad2154fe1a514dec7c6a2553281d89325f0bc213d1d832d4c1a0e9,3007
    pantry-tree:
      size: 513
      sha256: df32adf379be5a75e6abc32f76eebc6647e150066ce78ad120521fcafdcc44d6
  original:
    hackage: freer-indexed-0.1.0.0@sha256:b247be91b8ad2154fe1a514dec7c6a2553281d89325f0bc213d1d832d4c1a0e9,3007
snapshots:
- completed:
    size: 493124
    url: https://raw.githubusercontent.com/commercialhaskell/stackage-snapshots/master/lts/15/10.yaml
    sha256: 48bc6d1d59224a5166265ef6cdda6a512f29ecc8ef7331826312b82377e89507
  original: lts-15.10
